
Microsoft Visual Studio Solution File, Format Version 12.00
# Visual Studio Version 17
VisualStudioVersion = 17.4.33403.182
MinimumVisualStudioVersion = 10.0.40219.1
Project("{9A19103F-16F7-4668-BE54-9A1E7A4F7556}") = "ThirdPartyFunction", "FunctionApp1\ThirdPartyFunction.csproj", "{996E5553-6CA0-4E46-8515-894C8075FF0E}"
EndProject
Project("{2150E333-8FDC-42A3-9474-1A3956D46DE8}") = "UI", "UI", "{9B880BCA-92A6-41C5-954E-B76425A16E37}"
EndProject
Project("{2150E333-8FDC-42A3-9474-1A3956D46DE8}") = "Services", "Services", "{9E2A806D-70C2-465C-B545-5E648D2AAD82}"
EndProject
Project("{54A90642-561A-4BB1-A94E-469ADEE60C69}") = "UI", "UI\UI\UI.esproj", "{909C806F-70D2-4C02-BB04-AD43656722E2}"
EndProject
Project("{2150E333-8FDC-42A3-9474-1A3956D46DE8}") = "OrderService", "OrderService", "{336ADC75-BFDC-4660-BA0F-9570CCA8AB93}"
EndProject
Project("{2150E333-8FDC-42A3-9474-1A3956D46DE8}") = "TrackingService", "TrackingService", "{0D9ED744-01AC-4906-B719-26B7391AC6DD}"
EndProject
Project("{2150E333-8FDC-42A3-9474-1A3956D46DE8}") = "AuthorizationService", "AuthorizationService", "{2A66B416-30DF-4264-8A58-E203C2176397}"
EndProject
Project("{2150E333-8FDC-42A3-9474-1A3956D46DE8}") = "NotificationService", "NotificationService", "{B81D7038-8B08-48BC-9303-C819D485A2F6}"
EndProject
Project("{2150E333-8FDC-42A3-9474-1A3956D46DE8}") = "ThirdPartyService", "ThirdPartyService", "{EF025B6C-BB30-4940-AE8A-3236DFBF611F}"
EndProject
Project("{00D1A9C2-B5F0-4AF3-8072-F6C62B433612}") = "TrackingDatabase", "TrackingDatabase\TrackingDatabase.sqlproj", "{3011ADAC-A4B1-4622-AB9D-E75DF2356EAC}"
EndProject
Project("{00D1A9C2-B5F0-4AF3-8072-F6C62B433612}") = "OrderDatabase", "OrderDatabase\OrderDatabase.sqlproj", "{79B2D53C-72D9-4230-9F69-D727ABA907C5}"
EndProject
Project("{00D1A9C2-B5F0-4AF3-8072-F6C62B433612}") = "NotificationDatabase", "NotificationDatabase\NotificationDatabase.sqlproj", "{4F2DDA68-4765-4EE8-AB55-CDEF7026090D}"
EndProject
Project("{00D1A9C2-B5F0-4AF3-8072-F6C62B433612}") = "AuthorizationDatabase", "AuthorizationDatabase\AuthorizationDatabase.sqlproj", "{FB1999BF-8624-4F8C-82B3-B0B648C5743A}"
EndProject
Project("{9A19103F-16F7-4668-BE54-9A1E7A4F7556}") = "TrackingFunction", "TrackingFunction\TrackingFunction.csproj", "{618749FD-74D7-4145-936C-B03B65A92E86}"
EndProject
Project("{9A19103F-16F7-4668-BE54-9A1E7A4F7556}") = "AuthorizationAPI", "AuthorizationAPI\AuthorizationAPI.csproj", "{A7472C74-21F6-4350-8878-A2F72F2055DB}"
EndProject
Project("{9A19103F-16F7-4668-BE54-9A1E7A4F7556}") = "NotificationFunction", "NotificationFunction\NotificationFunction.csproj", "{40AF3F5F-AEAF-40A7-970A-6BF25386D5CF}"
EndProject
Project("{9A19103F-16F7-4668-BE54-9A1E7A4F7556}") = "OrderFunction", "OrderFunction\OrderFunction.csproj", "{0E530EC8-70A6-44FF-BFEB-63637C4DE3B1}"
EndProject
Project("{2150E333-8FDC-42A3-9474-1A3956D46DE8}") = "EntryPointService", "EntryPointService", "{A4AFFBE9-7541-4020-8D62-091E38BAD78D}"
EndProject
Project("{9A19103F-16F7-4668-BE54-9A1E7A4F7556}") = "EntryPointFunction", "EntryPointFunction\EntryPointFunction.csproj", "{0BE2668A-2930-4F91-BF0B-D8F2CBDE205E}"
EndProject
Project("{9A19103F-16F7-4668-BE54-9A1E7A4F7556}") = "Authorization.Domain", "Authorization.DAL\Authorization.Domain.csproj", "{68733762-1F91-4FC4-8D80-FD1E90498FEA}"
EndProject
Project("{9A19103F-16F7-4668-BE54-9A1E7A4F7556}") = "Tracking.Domain", "Tracking.DAL\Tracking.Domain.csproj", "{1F214B31-967D-4A9A-8727-729FC9A59571}"
EndProject
Project("{9A19103F-16F7-4668-BE54-9A1E7A4F7556}") = "Order.Domain", "Order.DAL\Order.Domain.csproj", "{ED17C02A-E0FF-4DFF-A0EA-FCC8FB59EC3E}"
EndProject
Project("{9A19103F-16F7-4668-BE54-9A1E7A4F7556}") = "Notification.Domain", "Notification.DAL\Notification.Domain.csproj", "{510E3E8B-9F34-4F13-A7F5-BDF330BD7E8F}"
EndProject
Project("{9A19103F-16F7-4668-BE54-9A1E7A4F7556}") = "Tracking.Infrastructure", "Tracking.Infrastructure\Tracking.Infrastructure.csproj", "{EC27DDB1-EDD2-4AC7-A2C7-D1AFA0D1CD02}"
EndProject
Project("{9A19103F-16F7-4668-BE54-9A1E7A4F7556}") = "Order.Infrastructure", "Order.Infrastructure\Order.Infrastructure.csproj", "{E11C62A5-3691-4925-8F78-ECE279F725D7}"
EndProject
Project("{9A19103F-16F7-4668-BE54-9A1E7A4F7556}") = "Notification.Infrastructure", "Notification.Infrastructure\Notification.Infrastructure.csproj", "{57449E8A-135A-4442-911C-A716BDC6C28E}"
EndProject
Project("{9A19103F-16F7-4668-BE54-9A1E7A4F7556}") = "Authorization.Infrastructure", "Authorization.Infrastructure\Authorization.Infrastructure.csproj", "{2A4A40A0-5CA4-4087-9447-BD8049BABB46}"
EndProject
Project("{2150E333-8FDC-42A3-9474-1A3956D46DE8}") = "Common", "Common", "{B4FBFD93-2FB7-4F58-B593-014784E5A779}"
EndProject
Project("{FAE04EC0-301F-11D3-BF4B-00C04F79EFBC}") = "Common.Data", "Common.Data\Common.Data.csproj", "{96CD1850-1A53-49EA-B383-E79BA5213CDF}"
EndProject
Project("{FAE04EC0-301F-11D3-BF4B-00C04F79EFBC}") = "StoresCustomersFunction", "StoresCustomersFunction\StoresCustomersFunction.csproj", "{F9904CF6-EE7E-41ED-A5F1-13A65D5ABB7E}"
EndProject
Global
	GlobalSection(SolutionConfigurationPlatforms) = preSolution
		Debug|Any CPU = Debug|Any CPU
		Release|Any CPU = Release|Any CPU
	EndGlobalSection
	GlobalSection(ProjectConfigurationPlatforms) = postSolution
		{996E5553-6CA0-4E46-8515-894C8075FF0E}.Debug|Any CPU.ActiveCfg = Debug|Any CPU
		{996E5553-6CA0-4E46-8515-894C8075FF0E}.Debug|Any CPU.Build.0 = Debug|Any CPU
		{996E5553-6CA0-4E46-8515-894C8075FF0E}.Release|Any CPU.ActiveCfg = Release|Any CPU
		{996E5553-6CA0-4E46-8515-894C8075FF0E}.Release|Any CPU.Build.0 = Release|Any CPU
		{909C806F-70D2-4C02-BB04-AD43656722E2}.Debug|Any CPU.ActiveCfg = Debug|Any CPU
		{909C806F-70D2-4C02-BB04-AD43656722E2}.Debug|Any CPU.Build.0 = Debug|Any CPU
		{909C806F-70D2-4C02-BB04-AD43656722E2}.Debug|Any CPU.Deploy.0 = Debug|Any CPU
		{909C806F-70D2-4C02-BB04-AD43656722E2}.Release|Any CPU.ActiveCfg = Release|Any CPU
		{909C806F-70D2-4C02-BB04-AD43656722E2}.Release|Any CPU.Build.0 = Release|Any CPU
		{909C806F-70D2-4C02-BB04-AD43656722E2}.Release|Any CPU.Deploy.0 = Release|Any CPU
		{3011ADAC-A4B1-4622-AB9D-E75DF2356EAC}.Debug|Any CPU.ActiveCfg = Debug|Any CPU
		{3011ADAC-A4B1-4622-AB9D-E75DF2356EAC}.Debug|Any CPU.Build.0 = Debug|Any CPU
		{3011ADAC-A4B1-4622-AB9D-E75DF2356EAC}.Debug|Any CPU.Deploy.0 = Debug|Any CPU
		{3011ADAC-A4B1-4622-AB9D-E75DF2356EAC}.Release|Any CPU.ActiveCfg = Release|Any CPU
		{3011ADAC-A4B1-4622-AB9D-E75DF2356EAC}.Release|Any CPU.Build.0 = Release|Any CPU
		{3011ADAC-A4B1-4622-AB9D-E75DF2356EAC}.Release|Any CPU.Deploy.0 = Release|Any CPU
		{79B2D53C-72D9-4230-9F69-D727ABA907C5}.Debug|Any CPU.ActiveCfg = Debug|Any CPU
		{79B2D53C-72D9-4230-9F69-D727ABA907C5}.Debug|Any CPU.Build.0 = Debug|Any CPU
		{79B2D53C-72D9-4230-9F69-D727ABA907C5}.Debug|Any CPU.Deploy.0 = Debug|Any CPU
		{79B2D53C-72D9-4230-9F69-D727ABA907C5}.Release|Any CPU.ActiveCfg = Release|Any CPU
		{79B2D53C-72D9-4230-9F69-D727ABA907C5}.Release|Any CPU.Build.0 = Release|Any CPU
		{79B2D53C-72D9-4230-9F69-D727ABA907C5}.Release|Any CPU.Deploy.0 = Release|Any CPU
		{4F2DDA68-4765-4EE8-AB55-CDEF7026090D}.Debug|Any CPU.ActiveCfg = Debug|Any CPU
		{4F2DDA68-4765-4EE8-AB55-CDEF7026090D}.Debug|Any CPU.Build.0 = Debug|Any CPU
		{4F2DDA68-4765-4EE8-AB55-CDEF7026090D}.Debug|Any CPU.Deploy.0 = Debug|Any CPU
		{4F2DDA68-4765-4EE8-AB55-CDEF7026090D}.Release|Any CPU.ActiveCfg = Release|Any CPU
		{4F2DDA68-4765-4EE8-AB55-CDEF7026090D}.Release|Any CPU.Build.0 = Release|Any CPU
		{4F2DDA68-4765-4EE8-AB55-CDEF7026090D}.Release|Any CPU.Deploy.0 = Release|Any CPU
		{FB1999BF-8624-4F8C-82B3-B0B648C5743A}.Debug|Any CPU.ActiveCfg = Debug|Any CPU
		{FB1999BF-8624-4F8C-82B3-B0B648C5743A}.Debug|Any CPU.Build.0 = Debug|Any CPU
		{FB1999BF-8624-4F8C-82B3-B0B648C5743A}.Debug|Any CPU.Deploy.0 = Debug|Any CPU
		{FB1999BF-8624-4F8C-82B3-B0B648C5743A}.Release|Any CPU.ActiveCfg = Release|Any CPU
		{FB1999BF-8624-4F8C-82B3-B0B648C5743A}.Release|Any CPU.Build.0 = Release|Any CPU
		{FB1999BF-8624-4F8C-82B3-B0B648C5743A}.Release|Any CPU.Deploy.0 = Release|Any CPU
		{618749FD-74D7-4145-936C-B03B65A92E86}.Debug|Any CPU.ActiveCfg = Debug|Any CPU
		{618749FD-74D7-4145-936C-B03B65A92E86}.Debug|Any CPU.Build.0 = Debug|Any CPU
		{618749FD-74D7-4145-936C-B03B65A92E86}.Release|Any CPU.ActiveCfg = Release|Any CPU
		{618749FD-74D7-4145-936C-B03B65A92E86}.Release|Any CPU.Build.0 = Release|Any CPU
		{A7472C74-21F6-4350-8878-A2F72F2055DB}.Debug|Any CPU.ActiveCfg = Debug|Any CPU
		{A7472C74-21F6-4350-8878-A2F72F2055DB}.Debug|Any CPU.Build.0 = Debug|Any CPU
		{A7472C74-21F6-4350-8878-A2F72F2055DB}.Release|Any CPU.ActiveCfg = Release|Any CPU
		{A7472C74-21F6-4350-8878-A2F72F2055DB}.Release|Any CPU.Build.0 = Release|Any CPU
		{40AF3F5F-AEAF-40A7-970A-6BF25386D5CF}.Debug|Any CPU.ActiveCfg = Debug|Any CPU
		{40AF3F5F-AEAF-40A7-970A-6BF25386D5CF}.Debug|Any CPU.Build.0 = Debug|Any CPU
		{40AF3F5F-AEAF-40A7-970A-6BF25386D5CF}.Release|Any CPU.ActiveCfg = Release|Any CPU
		{40AF3F5F-AEAF-40A7-970A-6BF25386D5CF}.Release|Any CPU.Build.0 = Release|Any CPU
		{0E530EC8-70A6-44FF-BFEB-63637C4DE3B1}.Debug|Any CPU.ActiveCfg = Debug|Any CPU
		{0E530EC8-70A6-44FF-BFEB-63637C4DE3B1}.Debug|Any CPU.Build.0 = Debug|Any CPU
		{0E530EC8-70A6-44FF-BFEB-63637C4DE3B1}.Release|Any CPU.ActiveCfg = Release|Any CPU
		{0E530EC8-70A6-44FF-BFEB-63637C4DE3B1}.Release|Any CPU.Build.0 = Release|Any CPU
		{0BE2668A-2930-4F91-BF0B-D8F2CBDE205E}.Debug|Any CPU.ActiveCfg = Debug|Any CPU
		{0BE2668A-2930-4F91-BF0B-D8F2CBDE205E}.Debug|Any CPU.Build.0 = Debug|Any CPU
		{0BE2668A-2930-4F91-BF0B-D8F2CBDE205E}.Release|Any CPU.ActiveCfg = Release|Any CPU
		{0BE2668A-2930-4F91-BF0B-D8F2CBDE205E}.Release|Any CPU.Build.0 = Release|Any CPU
		{68733762-1F91-4FC4-8D80-FD1E90498FEA}.Debug|Any CPU.ActiveCfg = Debug|Any CPU
		{68733762-1F91-4FC4-8D80-FD1E90498FEA}.Debug|Any CPU.Build.0 = Debug|Any CPU
		{68733762-1F91-4FC4-8D80-FD1E90498FEA}.Release|Any CPU.ActiveCfg = Release|Any CPU
		{68733762-1F91-4FC4-8D80-FD1E90498FEA}.Release|Any CPU.Build.0 = Release|Any CPU
		{1F214B31-967D-4A9A-8727-729FC9A59571}.Debug|Any CPU.ActiveCfg = Debug|Any CPU
		{1F214B31-967D-4A9A-8727-729FC9A59571}.Debug|Any CPU.Build.0 = Debug|Any CPU
		{1F214B31-967D-4A9A-8727-729FC9A59571}.Release|Any CPU.ActiveCfg = Release|Any CPU
		{1F214B31-967D-4A9A-8727-729FC9A59571}.Release|Any CPU.Build.0 = Release|Any CPU
		{ED17C02A-E0FF-4DFF-A0EA-FCC8FB59EC3E}.Debug|Any CPU.ActiveCfg = Debug|Any CPU
		{ED17C02A-E0FF-4DFF-A0EA-FCC8FB59EC3E}.Debug|Any CPU.Build.0 = Debug|Any CPU
		{ED17C02A-E0FF-4DFF-A0EA-FCC8FB59EC3E}.Release|Any CPU.ActiveCfg = Release|Any CPU
		{ED17C02A-E0FF-4DFF-A0EA-FCC8FB59EC3E}.Release|Any CPU.Build.0 = Release|Any CPU
		{510E3E8B-9F34-4F13-A7F5-BDF330BD7E8F}.Debug|Any CPU.ActiveCfg = Debug|Any CPU
		{510E3E8B-9F34-4F13-A7F5-BDF330BD7E8F}.Debug|Any CPU.Build.0 = Debug|Any CPU
		{510E3E8B-9F34-4F13-A7F5-BDF330BD7E8F}.Release|Any CPU.ActiveCfg = Release|Any CPU
		{510E3E8B-9F34-4F13-A7F5-BDF330BD7E8F}.Release|Any CPU.Build.0 = Release|Any CPU
		{EC27DDB1-EDD2-4AC7-A2C7-D1AFA0D1CD02}.Debug|Any CPU.ActiveCfg = Debug|Any CPU
		{EC27DDB1-EDD2-4AC7-A2C7-D1AFA0D1CD02}.Debug|Any CPU.Build.0 = Debug|Any CPU
		{EC27DDB1-EDD2-4AC7-A2C7-D1AFA0D1CD02}.Release|Any CPU.ActiveCfg = Release|Any CPU
		{EC27DDB1-EDD2-4AC7-A2C7-D1AFA0D1CD02}.Release|Any CPU.Build.0 = Release|Any CPU
		{E11C62A5-3691-4925-8F78-ECE279F725D7}.Debug|Any CPU.ActiveCfg = Debug|Any CPU
		{E11C62A5-3691-4925-8F78-ECE279F725D7}.Debug|Any CPU.Build.0 = Debug|Any CPU
		{E11C62A5-3691-4925-8F78-ECE279F725D7}.Release|Any CPU.ActiveCfg = Release|Any CPU
		{E11C62A5-3691-4925-8F78-ECE279F725D7}.Release|Any CPU.Build.0 = Release|Any CPU
		{57449E8A-135A-4442-911C-A716BDC6C28E}.Debug|Any CPU.ActiveCfg = Debug|Any CPU
		{57449E8A-135A-4442-911C-A716BDC6C28E}.Debug|Any CPU.Build.0 = Debug|Any CPU
		{57449E8A-135A-4442-911C-A716BDC6C28E}.Release|Any CPU.ActiveCfg = Release|Any CPU
		{57449E8A-135A-4442-911C-A716BDC6C28E}.Release|Any CPU.Build.0 = Release|Any CPU
		{2A4A40A0-5CA4-4087-9447-BD8049BABB46}.Debug|Any CPU.ActiveCfg = Debug|Any CPU
		{2A4A40A0-5CA4-4087-9447-BD8049BABB46}.Debug|Any CPU.Build.0 = Debug|Any CPU
		{2A4A40A0-5CA4-4087-9447-BD8049BABB46}.Release|Any CPU.ActiveCfg = Release|Any CPU
		{2A4A40A0-5CA4-4087-9447-BD8049BABB46}.Release|Any CPU.Build.0 = Release|Any CPU
		{96CD1850-1A53-49EA-B383-E79BA5213CDF}.Debug|Any CPU.ActiveCfg = Debug|Any CPU
		{96CD1850-1A53-49EA-B383-E79BA5213CDF}.Debug|Any CPU.Build.0 = Debug|Any CPU
		{96CD1850-1A53-49EA-B383-E79BA5213CDF}.Release|Any CPU.ActiveCfg = Release|Any CPU
		{96CD1850-1A53-49EA-B383-E79BA5213CDF}.Release|Any CPU.Build.0 = Release|Any CPU
		{F9904CF6-EE7E-41ED-A5F1-13A65D5ABB7E}.Debug|Any CPU.ActiveCfg = Debug|Any CPU
		{F9904CF6-EE7E-41ED-A5F1-13A65D5ABB7E}.Debug|Any CPU.Build.0 = Debug|Any CPU
		{F9904CF6-EE7E-41ED-A5F1-13A65D5ABB7E}.Release|Any CPU.ActiveCfg = Release|Any CPU
		{F9904CF6-EE7E-41ED-A5F1-13A65D5ABB7E}.Release|Any CPU.Build.0 = Release|Any CPU
	EndGlobalSection
	GlobalSection(SolutionProperties) = preSolution
		HideSolutionNode = FALSE
	EndGlobalSection
	GlobalSection(NestedProjects) = preSolution
		{996E5553-6CA0-4E46-8515-894C8075FF0E} = {EF025B6C-BB30-4940-AE8A-3236DFBF611F}
		{909C806F-70D2-4C02-BB04-AD43656722E2} = {9B880BCA-92A6-41C5-954E-B76425A16E37}
		{336ADC75-BFDC-4660-BA0F-9570CCA8AB93} = {9E2A806D-70C2-465C-B545-5E648D2AAD82}
		{0D9ED744-01AC-4906-B719-26B7391AC6DD} = {9E2A806D-70C2-465C-B545-5E648D2AAD82}
		{2A66B416-30DF-4264-8A58-E203C2176397} = {9E2A806D-70C2-465C-B545-5E648D2AAD82}
		{B81D7038-8B08-48BC-9303-C819D485A2F6} = {9E2A806D-70C2-465C-B545-5E648D2AAD82}
		{EF025B6C-BB30-4940-AE8A-3236DFBF611F} = {9E2A806D-70C2-465C-B545-5E648D2AAD82}
		{3011ADAC-A4B1-4622-AB9D-E75DF2356EAC} = {0D9ED744-01AC-4906-B719-26B7391AC6DD}
		{79B2D53C-72D9-4230-9F69-D727ABA907C5} = {336ADC75-BFDC-4660-BA0F-9570CCA8AB93}
		{4F2DDA68-4765-4EE8-AB55-CDEF7026090D} = {B81D7038-8B08-48BC-9303-C819D485A2F6}
		{FB1999BF-8624-4F8C-82B3-B0B648C5743A} = {2A66B416-30DF-4264-8A58-E203C2176397}
		{618749FD-74D7-4145-936C-B03B65A92E86} = {0D9ED744-01AC-4906-B719-26B7391AC6DD}
		{A7472C74-21F6-4350-8878-A2F72F2055DB} = {2A66B416-30DF-4264-8A58-E203C2176397}
		{40AF3F5F-AEAF-40A7-970A-6BF25386D5CF} = {B81D7038-8B08-48BC-9303-C819D485A2F6}
		{0E530EC8-70A6-44FF-BFEB-63637C4DE3B1} = {336ADC75-BFDC-4660-BA0F-9570CCA8AB93}
		{A4AFFBE9-7541-4020-8D62-091E38BAD78D} = {9E2A806D-70C2-465C-B545-5E648D2AAD82}
		{0BE2668A-2930-4F91-BF0B-D8F2CBDE205E} = {A4AFFBE9-7541-4020-8D62-091E38BAD78D}
		{68733762-1F91-4FC4-8D80-FD1E90498FEA} = {2A66B416-30DF-4264-8A58-E203C2176397}
		{1F214B31-967D-4A9A-8727-729FC9A59571} = {0D9ED744-01AC-4906-B719-26B7391AC6DD}
		{ED17C02A-E0FF-4DFF-A0EA-FCC8FB59EC3E} = {336ADC75-BFDC-4660-BA0F-9570CCA8AB93}
		{510E3E8B-9F34-4F13-A7F5-BDF330BD7E8F} = {B81D7038-8B08-48BC-9303-C819D485A2F6}
		{EC27DDB1-EDD2-4AC7-A2C7-D1AFA0D1CD02} = {0D9ED744-01AC-4906-B719-26B7391AC6DD}
		{E11C62A5-3691-4925-8F78-ECE279F725D7} = {336ADC75-BFDC-4660-BA0F-9570CCA8AB93}
		{57449E8A-135A-4442-911C-A716BDC6C28E} = {B81D7038-8B08-48BC-9303-C819D485A2F6}
		{2A4A40A0-5CA4-4087-9447-BD8049BABB46} = {2A66B416-30DF-4264-8A58-E203C2176397}
		{96CD1850-1A53-49EA-B383-E79BA5213CDF} = {B4FBFD93-2FB7-4F58-B593-014784E5A779}
		{F9904CF6-EE7E-41ED-A5F1-13A65D5ABB7E} = {2A66B416-30DF-4264-8A58-E203C2176397}
	EndGlobalSection
	GlobalSection(ExtensibilityGlobals) = postSolution
		SolutionGuid = {2E2F2EF0-BD36-48EE-AEE6-4472EE991B3D}
	EndGlobalSection
EndGlobal
